
Microsoft Visual Studio Solution File, Format Version 12.00
# Visual Studio 15
VisualStudioVersion = 15.0.27703.2000
MinimumVisualStudioVersion = 10.0.40219.1
Project("{FAE04EC0-301F-11D3-BF4B-00C04F79EFBC}") = "Raktar", "Raktar\Raktar.csproj", "{6D885983-399E-4D8A-8B9B-EED3F1E0D523}"
EndProject
Global
	GlobalSection(SolutionConfigurationPlatforms) = preSolution
		Debug|Any CPU = Debug|Any CPU
		Release|Any CPU = Release|Any CPU
	EndGlobalSection
	GlobalSection(ProjectConfigurationPlatforms) = postSolution
		{6D885983-399E-4D8A-8B9B-EED3F1E0D523}.Debug|Any CPU.ActiveCfg = Debug|Any CPU
		{6D885983-399E-4D8A-8B9B-EED3F1E0D523}.Debug|Any CPU.Build.0 = Debug|Any CPU
		{6D885983-399E-4D8A-8B9B-EED3F1E0D523}.Release|Any CPU.ActiveCfg = Release|Any CPU
		{6D885983-399E-4D8A-8B9B-EED3F1E0D523}.Release|Any CPU.Build.0 = Release|Any CPU
	EndGlobalSection
	GlobalSection(SolutionProperties) = preSolution
		HideSolutionNode = FALSE
	EndGlobalSection
	GlobalSection(ExtensibilityGlobals) = postSolution
		SolutionGuid = {1594A5F0-F014-4D73-B12D-5AF35D8FD663}
	EndGlobalSection
EndGlobal
